
Microsoft Visual Studio Solution File, Format Version 10.00
# Visual C# Express 2008
Project("{FAE04EC0-301F-11D3-BF4B-00C04F79EFBC}") = "WorkLog", "WorkLog\WorkLog.csproj", "{839A7567-1CD0-4B12-8CAD-2B09C64F017D}"
EndProject
Global
	GlobalSection(SolutionConfigurationPlatforms) = preSolution
		Debug|Any CPU = Debug|Any CPU
		Release|Any CPU = Release|Any CPU
	EndGlobalSection
	GlobalSection(ProjectConfigurationPlatforms) = postSolution
		{839A7567-1CD0-4B12-8CAD-2B09C64F017D}.Debug|Any CPU.ActiveCfg = Debug|Any CPU
		{839A7567-1CD0-4B12-8CAD-2B09C64F017D}.Debug|Any CPU.Build.0 = Debug|Any CPU
		{839A7567-1CD0-4B12-8CAD-2B09C64F017D}.Release|Any CPU.ActiveCfg = Release|Any CPU
		{839A7567-1CD0-4B12-8CAD-2B09C64F017D}.Release|Any CPU.Build.0 = Release|Any CPU
	EndGlobalSection
	GlobalSection(SolutionProperties) = preSolution
		HideSolutionNode = FALSE
	EndGlobalSection
EndGlobal
